
Microsoft Visual Studio Solution File, Format Version 11.00
# Visual Studio 2010
Project("{FAE04EC0-301F-11D3-BF4B-00C04F79EFBC}") = "InPublishing.Droid", "InPublishing.Droid\InPublishing.Droid.csproj", "{3AE579B8-B1CA-4B72-B361-49992DB373A4}"
EndProject
Global
	GlobalSection(SolutionConfigurationPlatforms) = preSolution
		Debug|Any CPU = Debug|Any CPU
		Release|Any CPU = Release|Any CPU
		Release w Debug|Any CPU = Release w Debug|Any CPU
	EndGlobalSection
	GlobalSection(ProjectConfigurationPlatforms) = postSolution
		{3AE579B8-B1CA-4B72-B361-49992DB373A4}.Debug|Any CPU.ActiveCfg = Debug|Any CPU
		{3AE579B8-B1CA-4B72-B361-49992DB373A4}.Debug|Any CPU.Build.0 = Debug|Any CPU
		{3AE579B8-B1CA-4B72-B361-49992DB373A4}.Release|Any CPU.ActiveCfg = Release|Any CPU
		{3AE579B8-B1CA-4B72-B361-49992DB373A4}.Release|Any CPU.Build.0 = Release|Any CPU
		{3AE579B8-B1CA-4B72-B361-49992DB373A4}.Release w Debug|Any CPU.ActiveCfg = Release w Debug|Any CPU
		{3AE579B8-B1CA-4B72-B361-49992DB373A4}.Release w Debug|Any CPU.Build.0 = Release w Debug|Any CPU
	EndGlobalSection
EndGlobal
